Microsoft Visual Studio Solution File, Format Version 12.00
# Visual Studio Version 17
VisualStudioVersion = 17.5.2.0
MinimumVisualStudioVersion = 10.0.40219.1
Project("{FAE04EC0-301F-11D3-BF4B-00C04F79EFBC}") = "TFF", "TFF.csproj", "{ED946C0D-D016-69AF-2666-3BD2015C7F50}"
EndProject
Global
	GlobalSection(SolutionConfigurationPlatforms) = preSolution
		Debug|Any CPU = Debug|Any CPU
		Release|Any CPU = Release|Any CPU
	EndGlobalSection
	GlobalSection(ProjectConfigurationPlatforms) = postSolution
		{ED946C0D-D016-69AF-2666-3BD2015C7F50}.Debug|Any CPU.ActiveCfg = Debug|Any CPU
		{ED946C0D-D016-69AF-2666-3BD2015C7F50}.Debug|Any CPU.Build.0 = Debug|Any CPU
		{ED946C0D-D016-69AF-2666-3BD2015C7F50}.Release|Any CPU.ActiveCfg = Release|Any CPU
		{ED946C0D-D016-69AF-2666-3BD2015C7F50}.Release|Any CPU.Build.0 = Release|Any CPU
	EndGlobalSection
	GlobalSection(SolutionProperties) = preSolution
		HideSolutionNode = FALSE
	EndGlobalSection
	GlobalSection(ExtensibilityGlobals) = postSolution
		SolutionGuid = {895B4290-A3A3-4E81-9FE0-D24FB3D90A12}
	EndGlobalSection
EndGlobal
